{
  "version": "5",
  "specifiers": {
    "jsr:@std/assert@1": "1.0.19",
    "jsr:@std/assert@^1.0.19": "1.0.19",
    "jsr:@std/internal@^1.0.12": "1.0.14",
    "jsr:@std/testing@1": "1.0.19",
    "npm:@ai-sdk/openai-compatible@1": "1.0.39_zod@3.25.76",
    "npm:ai@6": "6.0.193_zod@3.25.76",
    "npm:zod@3": "3.25.76"
  },
  "jsr": {
    "@std/assert@1.0.19": {
      "integrity": "eaada96ee120cb980bc47e040f82814d786fe8162ecc53c91d8df60b8755991e",
      "dependencies": [
        "jsr:@std/internal"
      ]
    },
    "@std/internal@1.0.14": {
      "integrity": "291516b3d4c35024d6ffbc0a9df5bf4c64116e05b50012cf846710152d2ffdf7"
    },
    "@std/testing@1.0.19": {
      "integrity": "f4236172365b216728dc3cc8b5e80a9f4c33083d1e4ede7613d5b25b4014898e",
      "dependencies": [
        "jsr:@std/assert@^1.0.19"
      ]
    }
  },
  "npm": {
    "@ai-sdk/gateway@3.0.121_zod@3.25.76": {
      "integrity": "sha512-uY248djJRxa5W68MHiyqO8WLdOeKQoRClGg7PVX/VPhVW8SJNM7/l5DcrA5WAM3YfQrLyNkgZa2VOu8T0t8LUw==",
      "dependencies": [
        "@ai-sdk/provider@3.0.10",
        "@ai-sdk/provider-utils@4.0.27_zod@3.25.76",
        "@vercel/oidc",
        "zod"
      ]
    },
    "@ai-sdk/openai-compatible@1.0.39_zod@3.25.76": {
      "integrity": "sha512-001hdQPPXxYBWrz5d+eAmBVYmwzsB+guIey1DFXi1ZEE5H3j7fRrhPpX55MdM9Fle2DS7WZ8b3qkumCIWE92YQ==",
      "dependencies": [
        "@ai-sdk/provider@2.0.3",
        "@ai-sdk/provider-utils@3.0.25_zod@3.25.76",
        "zod"
      ]
    },
    "@ai-sdk/provider-utils@3.0.25_zod@3.25.76": {
      "integrity": "sha512-CvsRu+32Y8a167s+lrIBtsybvgTHp8j9y+6BeTvLeoW3Q+okw/b4CnNUFOLIXsRaKHQKAH+IHNJPYWywfpw0LA==",
      "dependencies": [
        "@ai-sdk/provider@2.0.3",
        "@standard-schema/spec",
        "eventsource-parser",
        "zod"
      ]
    },
    "@ai-sdk/provider-utils@4.0.27_zod@3.25.76": {
      "integrity": "sha512-ubkAJ+xODouwtmN1tYlvTPphH1hPOBfZaEQe8U7skGvFAnIRs9PPpsq57bC2+Ky/MB4yzhd6YOsxTAx9sGpazw==",
      "dependencies": [
        "@ai-sdk/provider@3.0.10",
        "@standard-schema/spec",
        "eventsource-parser",
        "zod"
      ]
    },
    "@ai-sdk/provider@2.0.3": {
      "integrity": "sha512-h88OPkavHTiN9tMn2l5awAznGB0lXzjcLhgR1/rvjB2zlLprsNxbM2tt6OJsHUxduLC3klq0/eqaSf6fX5XVww==",
      "dependencies": [
        "json-schema"
      ]
    },
    "@ai-sdk/provider@3.0.10": {
      "integrity": "sha512-Q3BZ27qfpYqnCYGvE3vt+Qi6LGOF9R5Nmzn+9JoM1lCRsD9mYaIhfJLkSunN48nfGXJ6n+XNV0J/XVpqGQl7Dw==",
      "dependencies": [
        "json-schema"
      ]
    },
    "@opentelemetry/api@1.9.1": {
      "integrity": "sha512-gLyJlPHPZYdAk1JENA9LeHejZe1Ti77/pTeFm/nMXmQH/HFZlcS/O2XJB+L8fkbrNSqhdtlvjBVjxwUYanNH5Q=="
    },
    "@standard-schema/spec@1.1.0": {
      "integrity": "sha512-l2aFy5jALhniG5HgqrD6jXLi/rUWrKvqN/qJx6yoJsgKhblVd+iqqU4RCXavm/jPityDo5TCvKMnpjKnOriy0w=="
    },
    "@vercel/oidc@3.2.0": {
      "integrity": "sha512-UycprH3T6n3jH0k44NHMa7pnFHGu/N05MjojYr+Mc6I7obkoLIJujSWwin1pCvdy/eOxrI/l3uDLQsmcrOb4ug=="
    },
    "ai@6.0.193_zod@3.25.76": {
      "integrity": "sha512-VQOTOse8+X8kMtg61DNSXlYJzwOW4NjMLDJNk/qxClWsFe4oiyFJDHGGG1oezfGcFzuYuQe/8Z7r4kwiZWh2YQ==",
      "dependencies": [
        "@ai-sdk/gateway",
        "@ai-sdk/provider@3.0.10",
        "@ai-sdk/provider-utils@4.0.27_zod@3.25.76",
        "@opentelemetry/api",
        "zod"
      ]
    },
    "eventsource-parser@3.1.0": {
      "integrity": "sha512-kJezFj9YFAMLeORyi7aCLxLbD5/qWMQnoMVlVPyHIll7lgRJCc3JVln9Vgl9nwQi0YkMnhdGTMNn7CkRRAptMg=="
    },
    "json-schema@0.4.0": {
      "integrity": "sha512-es94M3nTIfsEPisRafak+HDLfHXnKBhV3vU5eqPcS3flIWqcxJWgXHXiey3YrpaNsanY5ei1VoYEbOzijuq9BA=="
    },
    "zod@3.25.76": {
      "integrity": "sha512-gzUt/qt81nXsFGKIFcC3YnfEAx5NkunCfnDlvuBSSFS02bcXu4Lmea0AFIUwbLWxWPx3d9p8S5QoaujKcNQxcQ=="
    }
  }
}
